
Microsoft Visual Studio Solution File, Format Version 12.00
# Visual Studio 14
VisualStudioVersion = 14.0.25420.1
MinimumVisualStudioVersion = 10.0.40219.1
Project("{2150E333-8FDC-42A3-9474-1A3956D46DE8}") = "Portable", "Portable", "{5AFA2071-E0D2-4C3B-96AB-2DE56EF503F2}"
EndProject
Project("{2150E333-8FDC-42A3-9474-1A3956D46DE8}") = "Mobile", "Mobile", "{AB09B2CB-73C5-4F5A-83B7-302BE06B0B54}"
EndProject
Project("{2150E333-8FDC-42A3-9474-1A3956D46DE8}") = "Web", "Web", "{2AF3A04F-2B9A-4159-BD47-068E8B94FFD3}"
EndProject
Project("{2150E333-8FDC-42A3-9474-1A3956D46DE8}") = "Desktop", "Desktop", "{1EC3AE45-E609-43FB-B16A-A9B17DA9D8E9}"
EndProject
Project("{FAE04EC0-301F-11D3-BF4B-00C04F79EFBC}") = "Delivery.Desktop", "Delivery.Desktop\Delivery.Desktop.csproj", "{78954BF2-2DBB-4A20-9D89-1102C4604CB1}"
	ProjectSection(ProjectDependencies) = postProject
		{6CC1AD6C-6E7F-475D-9DF0-C2DE3585363F} = {6CC1AD6C-6E7F-475D-9DF0-C2DE3585363F}
	EndProjectSection
EndProject
Project("{FAE04EC0-301F-11D3-BF4B-00C04F79EFBC}") = "App7", "App7\App7\App7.csproj", "{F0B19A34-FCB3-475D-B56B-5EE5086D4C9C}"
	ProjectSection(ProjectDependencies) = postProject
		{6CC1AD6C-6E7F-475D-9DF0-C2DE3585363F} = {6CC1AD6C-6E7F-475D-9DF0-C2DE3585363F}
	EndProjectSection
EndProject
Project("{2150E333-8FDC-42A3-9474-1A3956D46DE8}") = "Servicio", "Servicio", "{6A9E21B6-BC44-46BC-8135-FA5253ECA3E0}"
EndProject
Project("{FAE04EC0-301F-11D3-BF4B-00C04F79EFBC}") = "WpfApplication1", "WpfApplication1\WpfApplication1.csproj", "{83749F21-D575-45C2-AA65-8AE9C9A74DFE}"
	ProjectSection(ProjectDependencies) = postProject
		{6CC1AD6C-6E7F-475D-9DF0-C2DE3585363F} = {6CC1AD6C-6E7F-475D-9DF0-C2DE3585363F}
	EndProjectSection
EndProject
Project("{FAE04EC0-301F-11D3-BF4B-00C04F79EFBC}") = "WcfService", "WcfService\WcfService.csproj", "{6CC1AD6C-6E7F-475D-9DF0-C2DE3585363F}"
EndProject
Project("{FAE04EC0-301F-11D3-BF4B-00C04F79EFBC}") = "App7.Droid", "App7\App7.Droid\App7.Droid.csproj", "{FB9356CB-7D6A-437D-AE30-E413F4A46ACA}"
EndProject
Project("{FAE04EC0-301F-11D3-BF4B-00C04F79EFBC}") = "Delivery.Page", "Delivery.Page\Delivery.Page.csproj", "{574B3A98-DA99-4D1D-B1B7-3F335AB18CB6}"
EndProject
Project("{2150E333-8FDC-42A3-9474-1A3956D46DE8}") = "Diseño", "Diseño", "{9C7B2AEE-9FEA-4A39-AB01-395672735BA6}"
EndProject
Global
	GlobalSection(SubversionScc) = preSolution
		Svn-Managed = True
		Manager = AnkhSVN - Subversion Support for Visual Studio
	EndGlobalSection
	GlobalSection(SolutionConfigurationPlatforms) = preSolution
		Ad-Hoc|Any CPU = Ad-Hoc|Any CPU
		Ad-Hoc|ARM = Ad-Hoc|ARM
		Ad-Hoc|iPhone = Ad-Hoc|iPhone
		Ad-Hoc|iPhoneSimulator = Ad-Hoc|iPhoneSimulator
		Ad-Hoc|x64 = Ad-Hoc|x64
		Ad-Hoc|x86 = Ad-Hoc|x86
		AppStore|Any CPU = AppStore|Any CPU
		AppStore|ARM = AppStore|ARM
		AppStore|iPhone = AppStore|iPhone
		AppStore|iPhoneSimulator = AppStore|iPhoneSimulator
		AppStore|x64 = AppStore|x64
		AppStore|x86 = AppStore|x86
		Debug|Any CPU = Debug|Any CPU
		Debug|ARM = Debug|ARM
		Debug|iPhone = Debug|iPhone
		Debug|iPhoneSimulator = Debug|iPhoneSimulator
		Debug|x64 = Debug|x64
		Debug|x86 = Debug|x86
		Release|Any CPU = Release|Any CPU
		Release|ARM = Release|ARM
		Release|iPhone = Release|iPhone
		Release|iPhoneSimulator = Release|iPhoneSimulator
		Release|x64 = Release|x64
		Release|x86 = Release|x86
	EndGlobalSection
	GlobalSection(ProjectConfigurationPlatforms) = postSolution
		{78954BF2-2DBB-4A20-9D89-1102C4604CB1}.Ad-Hoc|Any CPU.ActiveCfg = Release|Any CPU
		{78954BF2-2DBB-4A20-9D89-1102C4604CB1}.Ad-Hoc|Any CPU.Build.0 = Release|Any CPU
		{78954BF2-2DBB-4A20-9D89-1102C4604CB1}.Ad-Hoc|ARM.ActiveCfg = Release|Any CPU
		{78954BF2-2DBB-4A20-9D89-1102C4604CB1}.Ad-Hoc|ARM.Build.0 = Release|Any CPU
		{78954BF2-2DBB-4A20-9D89-1102C4604CB1}.Ad-Hoc|iPhone.ActiveCfg = Release|Any CPU
		{78954BF2-2DBB-4A20-9D89-1102C4604CB1}.Ad-Hoc|iPhone.Build.0 = Release|Any CPU
		{78954BF2-2DBB-4A20-9D89-1102C4604CB1}.Ad-Hoc|iPhoneSimulator.ActiveCfg = Release|Any CPU
		{78954BF2-2DBB-4A20-9D89-1102C4604CB1}.Ad-Hoc|iPhoneSimulator.Build.0 = Release|Any CPU
		{78954BF2-2DBB-4A20-9D89-1102C4604CB1}.Ad-Hoc|x64.ActiveCfg = Release|Any CPU
		{78954BF2-2DBB-4A20-9D89-1102C4604CB1}.Ad-Hoc|x64.Build.0 = Release|Any CPU
		{78954BF2-2DBB-4A20-9D89-1102C4604CB1}.Ad-Hoc|x86.ActiveCfg = Release|Any CPU
		{78954BF2-2DBB-4A20-9D89-1102C4604CB1}.Ad-Hoc|x86.Build.0 = Release|Any CPU
		{78954BF2-2DBB-4A20-9D89-1102C4604CB1}.AppStore|Any CPU.ActiveCfg = Release|Any CPU
		{78954BF2-2DBB-4A20-9D89-1102C4604CB1}.AppStore|Any CPU.Build.0 = Release|Any CPU
		{78954BF2-2DBB-4A20-9D89-1102C4604CB1}.AppStore|ARM.ActiveCfg = Release|Any CPU
		{78954BF2-2DBB-4A20-9D89-1102C4604CB1}.AppStore|ARM.Build.0 = Release|Any CPU
		{78954BF2-2DBB-4A20-9D89-1102C4604CB1}.AppStore|iPhone.ActiveCfg = Release|Any CPU
		{78954BF2-2DBB-4A20-9D89-1102C4604CB1}.AppStore|iPhone.Build.0 = Release|Any CPU
		{78954BF2-2DBB-4A20-9D89-1102C4604CB1}.AppStore|iPhoneSimulator.ActiveCfg = Release|Any CPU
		{78954BF2-2DBB-4A20-9D89-1102C4604CB1}.AppStore|iPhoneSimulator.Build.0 = Release|Any CPU
		{78954BF2-2DBB-4A20-9D89-1102C4604CB1}.AppStore|x64.ActiveCfg = Release|Any CPU
		{78954BF2-2DBB-4A20-9D89-1102C4604CB1}.AppStore|x64.Build.0 = Release|Any CPU
		{78954BF2-2DBB-4A20-9D89-1102C4604CB1}.AppStore|x86.ActiveCfg = Release|Any CPU
		{78954BF2-2DBB-4A20-9D89-1102C4604CB1}.AppStore|x86.Build.0 = Release|Any CPU
		{78954BF2-2DBB-4A20-9D89-1102C4604CB1}.Debug|Any CPU.ActiveCfg = Debug|Any CPU
		{78954BF2-2DBB-4A20-9D89-1102C4604CB1}.Debug|Any CPU.Build.0 = Debug|Any CPU
		{78954BF2-2DBB-4A20-9D89-1102C4604CB1}.Debug|ARM.ActiveCfg = Debug|Any CPU
		{78954BF2-2DBB-4A20-9D89-1102C4604CB1}.Debug|ARM.Build.0 = Debug|Any CPU
		{78954BF2-2DBB-4A20-9D89-1102C4604CB1}.Debug|iPhone.ActiveCfg = Debug|Any CPU
		{78954BF2-2DBB-4A20-9D89-1102C4604CB1}.Debug|iPhone.Build.0 = Debug|Any CPU
		{78954BF2-2DBB-4A20-9D89-1102C4604CB1}.Debug|iPhoneSimulator.ActiveCfg = Debug|Any CPU
		{78954BF2-2DBB-4A20-9D89-1102C4604CB1}.Debug|iPhoneSimulator.Build.0 = Debug|Any CPU
		{78954BF2-2DBB-4A20-9D89-1102C4604CB1}.Debug|x64.ActiveCfg = Debug|Any CPU
		{78954BF2-2DBB-4A20-9D89-1102C4604CB1}.Debug|x64.Build.0 = Debug|Any CPU
		{78954BF2-2DBB-4A20-9D89-1102C4604CB1}.Debug|x86.ActiveCfg = Debug|Any CPU
		{78954BF2-2DBB-4A20-9D89-1102C4604CB1}.Debug|x86.Build.0 = Debug|Any CPU
		{78954BF2-2DBB-4A20-9D89-1102C4604CB1}.Release|Any CPU.ActiveCfg = Release|Any CPU
		{78954BF2-2DBB-4A20-9D89-1102C4604CB1}.Release|Any CPU.Build.0 = Release|Any CPU
		{78954BF2-2DBB-4A20-9D89-1102C4604CB1}.Release|ARM.ActiveCfg = Release|Any CPU
		{78954BF2-2DBB-4A20-9D89-1102C4604CB1}.Release|ARM.Build.0 = Release|Any CPU
		{78954BF2-2DBB-4A20-9D89-1102C4604CB1}.Release|iPhone.ActiveCfg = Release|Any CPU
		{78954BF2-2DBB-4A20-9D89-1102C4604CB1}.Release|iPhone.Build.0 = Release|Any CPU
		{78954BF2-2DBB-4A20-9D89-1102C4604CB1}.Release|iPhoneSimulator.ActiveCfg = Release|Any CPU
		{78954BF2-2DBB-4A20-9D89-1102C4604CB1}.Release|iPhoneSimulator.Build.0 = Release|Any CPU
		{78954BF2-2DBB-4A20-9D89-1102C4604CB1}.Release|x64.ActiveCfg = Release|Any CPU
		{78954BF2-2DBB-4A20-9D89-1102C4604CB1}.Release|x64.Build.0 = Release|Any CPU
		{78954BF2-2DBB-4A20-9D89-1102C4604CB1}.Release|x86.ActiveCfg = Release|Any CPU
		{78954BF2-2DBB-4A20-9D89-1102C4604CB1}.Release|x86.Build.0 = Release|Any CPU
		{F0B19A34-FCB3-475D-B56B-5EE5086D4C9C}.Ad-Hoc|Any CPU.ActiveCfg = Release|Any CPU
		{F0B19A34-FCB3-475D-B56B-5EE5086D4C9C}.Ad-Hoc|Any CPU.Build.0 = Release|Any CPU
		{F0B19A34-FCB3-475D-B56B-5EE5086D4C9C}.Ad-Hoc|ARM.ActiveCfg = Release|Any CPU
		{F0B19A34-FCB3-475D-B56B-5EE5086D4C9C}.Ad-Hoc|ARM.Build.0 = Release|Any CPU
		{F0B19A34-FCB3-475D-B56B-5EE5086D4C9C}.Ad-Hoc|iPhone.ActiveCfg = Release|Any CPU
		{F0B19A34-FCB3-475D-B56B-5EE5086D4C9C}.Ad-Hoc|iPhone.Build.0 = Release|Any CPU
		{F0B19A34-FCB3-475D-B56B-5EE5086D4C9C}.Ad-Hoc|iPhoneSimulator.ActiveCfg = Release|Any CPU
		{F0B19A34-FCB3-475D-B56B-5EE5086D4C9C}.Ad-Hoc|iPhoneSimulator.Build.0 = Release|Any CPU
		{F0B19A34-FCB3-475D-B56B-5EE5086D4C9C}.Ad-Hoc|x64.ActiveCfg = Release|Any CPU
		{F0B19A34-FCB3-475D-B56B-5EE5086D4C9C}.Ad-Hoc|x64.Build.0 = Release|Any CPU
		{F0B19A34-FCB3-475D-B56B-5EE5086D4C9C}.Ad-Hoc|x86.ActiveCfg = Release|Any CPU
		{F0B19A34-FCB3-475D-B56B-5EE5086D4C9C}.Ad-Hoc|x86.Build.0 = Release|Any CPU
		{F0B19A34-FCB3-475D-B56B-5EE5086D4C9C}.AppStore|Any CPU.ActiveCfg = Release|Any CPU
		{F0B19A34-FCB3-475D-B56B-5EE5086D4C9C}.AppStore|Any CPU.Build.0 = Release|Any CPU
		{F0B19A34-FCB3-475D-B56B-5EE5086D4C9C}.AppStore|ARM.ActiveCfg = Release|Any CPU
		{F0B19A34-FCB3-475D-B56B-5EE5086D4C9C}.AppStore|ARM.Build.0 = Release|Any CPU
		{F0B19A34-FCB3-475D-B56B-5EE5086D4C9C}.AppStore|iPhone.ActiveCfg = Release|Any CPU
		{F0B19A34-FCB3-475D-B56B-5EE5086D4C9C}.AppStore|iPhone.Build.0 = Release|Any CPU
		{F0B19A34-FCB3-475D-B56B-5EE5086D4C9C}.AppStore|iPhoneSimulator.ActiveCfg = Release|Any CPU
		{F0B19A34-FCB3-475D-B56B-5EE5086D4C9C}.AppStore|iPhoneSimulator.Build.0 = Release|Any CPU
		{F0B19A34-FCB3-475D-B56B-5EE5086D4C9C}.AppStore|x64.ActiveCfg = Release|Any CPU
		{F0B19A34-FCB3-475D-B56B-5EE5086D4C9C}.AppStore|x64.Build.0 = Release|Any CPU
		{F0B19A34-FCB3-475D-B56B-5EE5086D4C9C}.AppStore|x86.ActiveCfg = Release|Any CPU
		{F0B19A34-FCB3-475D-B56B-5EE5086D4C9C}.AppStore|x86.Build.0 = Release|Any CPU
		{F0B19A34-FCB3-475D-B56B-5EE5086D4C9C}.Debug|Any CPU.ActiveCfg = Debug|Any CPU
		{F0B19A34-FCB3-475D-B56B-5EE5086D4C9C}.Debug|Any CPU.Build.0 = Debug|Any CPU
		{F0B19A34-FCB3-475D-B56B-5EE5086D4C9C}.Debug|ARM.ActiveCfg = Debug|Any CPU
		{F0B19A34-FCB3-475D-B56B-5EE5086D4C9C}.Debug|ARM.Build.0 = Debug|Any CPU
		{F0B19A34-FCB3-475D-B56B-5EE5086D4C9C}.Debug|iPhone.ActiveCfg = Debug|Any CPU
		{F0B19A34-FCB3-475D-B56B-5EE5086D4C9C}.Debug|iPhone.Build.0 = Debug|Any CPU
		{F0B19A34-FCB3-475D-B56B-5EE5086D4C9C}.Debug|iPhoneSimulator.ActiveCfg = Debug|Any CPU
		{F0B19A34-FCB3-475D-B56B-5EE5086D4C9C}.Debug|iPhoneSimulator.Build.0 = Debug|Any CPU
		{F0B19A34-FCB3-475D-B56B-5EE5086D4C9C}.Debug|x64.ActiveCfg = Debug|Any CPU
		{F0B19A34-FCB3-475D-B56B-5EE5086D4C9C}.Debug|x64.Build.0 = Debug|Any CPU
		{F0B19A34-FCB3-475D-B56B-5EE5086D4C9C}.Debug|x86.ActiveCfg = Debug|Any CPU
		{F0B19A34-FCB3-475D-B56B-5EE5086D4C9C}.Debug|x86.Build.0 = Debug|Any CPU
		{F0B19A34-FCB3-475D-B56B-5EE5086D4C9C}.Release|Any CPU.ActiveCfg = Release|Any CPU
		{F0B19A34-FCB3-475D-B56B-5EE5086D4C9C}.Release|Any CPU.Build.0 = Release|Any CPU
		{F0B19A34-FCB3-475D-B56B-5EE5086D4C9C}.Release|ARM.ActiveCfg = Release|Any CPU
		{F0B19A34-FCB3-475D-B56B-5EE5086D4C9C}.Release|ARM.Build.0 = Release|Any CPU
		{F0B19A34-FCB3-475D-B56B-5EE5086D4C9C}.Release|iPhone.ActiveCfg = Release|Any CPU
		{F0B19A34-FCB3-475D-B56B-5EE5086D4C9C}.Release|iPhone.Build.0 = Release|Any CPU
		{F0B19A34-FCB3-475D-B56B-5EE5086D4C9C}.Release|iPhoneSimulator.ActiveCfg = Release|Any CPU
		{F0B19A34-FCB3-475D-B56B-5EE5086D4C9C}.Release|iPhoneSimulator.Build.0 = Release|Any CPU
		{F0B19A34-FCB3-475D-B56B-5EE5086D4C9C}.Release|x64.ActiveCfg = Release|Any CPU
		{F0B19A34-FCB3-475D-B56B-5EE5086D4C9C}.Release|x64.Build.0 = Release|Any CPU
		{F0B19A34-FCB3-475D-B56B-5EE5086D4C9C}.Release|x86.ActiveCfg = Release|Any CPU
		{F0B19A34-FCB3-475D-B56B-5EE5086D4C9C}.Release|x86.Build.0 = Release|Any CPU
		{83749F21-D575-45C2-AA65-8AE9C9A74DFE}.Ad-Hoc|Any CPU.ActiveCfg = Release|Any CPU
		{83749F21-D575-45C2-AA65-8AE9C9A74DFE}.Ad-Hoc|Any CPU.Build.0 = Release|Any CPU
		{83749F21-D575-45C2-AA65-8AE9C9A74DFE}.Ad-Hoc|ARM.ActiveCfg = Release|Any CPU
		{83749F21-D575-45C2-AA65-8AE9C9A74DFE}.Ad-Hoc|ARM.Build.0 = Release|Any CPU
		{83749F21-D575-45C2-AA65-8AE9C9A74DFE}.Ad-Hoc|iPhone.ActiveCfg = Release|Any CPU
		{83749F21-D575-45C2-AA65-8AE9C9A74DFE}.Ad-Hoc|iPhone.Build.0 = Release|Any CPU
		{83749F21-D575-45C2-AA65-8AE9C9A74DFE}.Ad-Hoc|iPhoneSimulator.ActiveCfg = Release|Any CPU
		{83749F21-D575-45C2-AA65-8AE9C9A74DFE}.Ad-Hoc|iPhoneSimulator.Build.0 = Release|Any CPU
		{83749F21-D575-45C2-AA65-8AE9C9A74DFE}.Ad-Hoc|x64.ActiveCfg = Release|Any CPU
		{83749F21-D575-45C2-AA65-8AE9C9A74DFE}.Ad-Hoc|x64.Build.0 = Release|Any CPU
		{83749F21-D575-45C2-AA65-8AE9C9A74DFE}.Ad-Hoc|x86.ActiveCfg = Release|Any CPU
		{83749F21-D575-45C2-AA65-8AE9C9A74DFE}.Ad-Hoc|x86.Build.0 = Release|Any CPU
		{83749F21-D575-45C2-AA65-8AE9C9A74DFE}.AppStore|Any CPU.ActiveCfg = Release|Any CPU
		{83749F21-D575-45C2-AA65-8AE9C9A74DFE}.AppStore|Any CPU.Build.0 = Release|Any CPU
		{83749F21-D575-45C2-AA65-8AE9C9A74DFE}.AppStore|ARM.ActiveCfg = Release|Any CPU
		{83749F21-D575-45C2-AA65-8AE9C9A74DFE}.AppStore|ARM.Build.0 = Release|Any CPU
		{83749F21-D575-45C2-AA65-8AE9C9A74DFE}.AppStore|iPhone.ActiveCfg = Release|Any CPU
		{83749F21-D575-45C2-AA65-8AE9C9A74DFE}.AppStore|iPhone.Build.0 = Release|Any CPU
		{83749F21-D575-45C2-AA65-8AE9C9A74DFE}.AppStore|iPhoneSimulator.ActiveCfg = Release|Any CPU
		{83749F21-D575-45C2-AA65-8AE9C9A74DFE}.AppStore|iPhoneSimulator.Build.0 = Release|Any CPU
		{83749F21-D575-45C2-AA65-8AE9C9A74DFE}.AppStore|x64.ActiveCfg = Release|Any CPU
		{83749F21-D575-45C2-AA65-8AE9C9A74DFE}.AppStore|x64.Build.0 = Release|Any CPU
		{83749F21-D575-45C2-AA65-8AE9C9A74DFE}.AppStore|x86.ActiveCfg = Release|Any CPU
		{83749F21-D575-45C2-AA65-8AE9C9A74DFE}.AppStore|x86.Build.0 = Release|Any CPU
		{83749F21-D575-45C2-AA65-8AE9C9A74DFE}.Debug|Any CPU.ActiveCfg = Debug|Any CPU
		{83749F21-D575-45C2-AA65-8AE9C9A74DFE}.Debug|Any CPU.Build.0 = Debug|Any CPU
		{83749F21-D575-45C2-AA65-8AE9C9A74DFE}.Debug|ARM.ActiveCfg = Debug|Any CPU
		{83749F21-D575-45C2-AA65-8AE9C9A74DFE}.Debug|ARM.Build.0 = Debug|Any CPU
		{83749F21-D575-45C2-AA65-8AE9C9A74DFE}.Debug|iPhone.ActiveCfg = Debug|Any CPU
		{83749F21-D575-45C2-AA65-8AE9C9A74DFE}.Debug|iPhone.Build.0 = Debug|Any CPU
		{83749F21-D575-45C2-AA65-8AE9C9A74DFE}.Debug|iPhoneSimulator.ActiveCfg = Debug|Any CPU
		{83749F21-D575-45C2-AA65-8AE9C9A74DFE}.Debug|iPhoneSimulator.Build.0 = Debug|Any CPU
		{83749F21-D575-45C2-AA65-8AE9C9A74DFE}.Debug|x64.ActiveCfg = Debug|Any CPU
		{83749F21-D575-45C2-AA65-8AE9C9A74DFE}.Debug|x64.Build.0 = Debug|Any CPU
		{83749F21-D575-45C2-AA65-8AE9C9A74DFE}.Debug|x86.ActiveCfg = Debug|Any CPU
		{83749F21-D575-45C2-AA65-8AE9C9A74DFE}.Debug|x86.Build.0 = Debug|Any CPU
		{83749F21-D575-45C2-AA65-8AE9C9A74DFE}.Release|Any CPU.ActiveCfg = Release|Any CPU
		{83749F21-D575-45C2-AA65-8AE9C9A74DFE}.Release|Any CPU.Build.0 = Release|Any CPU
		{83749F21-D575-45C2-AA65-8AE9C9A74DFE}.Release|ARM.ActiveCfg = Release|Any CPU
		{83749F21-D575-45C2-AA65-8AE9C9A74DFE}.Release|ARM.Build.0 = Release|Any CPU
		{83749F21-D575-45C2-AA65-8AE9C9A74DFE}.Release|iPhone.ActiveCfg = Release|Any CPU
		{83749F21-D575-45C2-AA65-8AE9C9A74DFE}.Release|iPhone.Build.0 = Release|Any CPU
		{83749F21-D575-45C2-AA65-8AE9C9A74DFE}.Release|iPhoneSimulator.ActiveCfg = Release|Any CPU
		{83749F21-D575-45C2-AA65-8AE9C9A74DFE}.Release|iPhoneSimulator.Build.0 = Release|Any CPU
		{83749F21-D575-45C2-AA65-8AE9C9A74DFE}.Release|x64.ActiveCfg = Release|Any CPU
		{83749F21-D575-45C2-AA65-8AE9C9A74DFE}.Release|x64.Build.0 = Release|Any CPU
		{83749F21-D575-45C2-AA65-8AE9C9A74DFE}.Release|x86.ActiveCfg = Release|Any CPU
		{83749F21-D575-45C2-AA65-8AE9C9A74DFE}.Release|x86.Build.0 = Release|Any CPU
		{6CC1AD6C-6E7F-475D-9DF0-C2DE3585363F}.Ad-Hoc|Any CPU.ActiveCfg = Release|Any CPU
		{6CC1AD6C-6E7F-475D-9DF0-C2DE3585363F}.Ad-Hoc|Any CPU.Build.0 = Release|Any CPU
		{6CC1AD6C-6E7F-475D-9DF0-C2DE3585363F}.Ad-Hoc|ARM.ActiveCfg = Release|Any CPU
		{6CC1AD6C-6E7F-475D-9DF0-C2DE3585363F}.Ad-Hoc|ARM.Build.0 = Release|Any CPU
		{6CC1AD6C-6E7F-475D-9DF0-C2DE3585363F}.Ad-Hoc|iPhone.ActiveCfg = Release|Any CPU
		{6CC1AD6C-6E7F-475D-9DF0-C2DE3585363F}.Ad-Hoc|iPhone.Build.0 = Release|Any CPU
		{6CC1AD6C-6E7F-475D-9DF0-C2DE3585363F}.Ad-Hoc|iPhoneSimulator.ActiveCfg = Release|Any CPU
		{6CC1AD6C-6E7F-475D-9DF0-C2DE3585363F}.Ad-Hoc|iPhoneSimulator.Build.0 = Release|Any CPU
		{6CC1AD6C-6E7F-475D-9DF0-C2DE3585363F}.Ad-Hoc|x64.ActiveCfg = Release|Any CPU
		{6CC1AD6C-6E7F-475D-9DF0-C2DE3585363F}.Ad-Hoc|x64.Build.0 = Release|Any CPU
		{6CC1AD6C-6E7F-475D-9DF0-C2DE3585363F}.Ad-Hoc|x86.ActiveCfg = Release|Any CPU
		{6CC1AD6C-6E7F-475D-9DF0-C2DE3585363F}.Ad-Hoc|x86.Build.0 = Release|Any CPU
		{6CC1AD6C-6E7F-475D-9DF0-C2DE3585363F}.AppStore|Any CPU.ActiveCfg = Release|Any CPU
		{6CC1AD6C-6E7F-475D-9DF0-C2DE3585363F}.AppStore|Any CPU.Build.0 = Release|Any CPU
		{6CC1AD6C-6E7F-475D-9DF0-C2DE3585363F}.AppStore|ARM.ActiveCfg = Release|Any CPU
		{6CC1AD6C-6E7F-475D-9DF0-C2DE3585363F}.AppStore|ARM.Build.0 = Release|Any CPU
		{6CC1AD6C-6E7F-475D-9DF0-C2DE3585363F}.AppStore|iPhone.ActiveCfg = Release|Any CPU
		{6CC1AD6C-6E7F-475D-9DF0-C2DE3585363F}.AppStore|iPhone.Build.0 = Release|Any CPU
		{6CC1AD6C-6E7F-475D-9DF0-C2DE3585363F}.AppStore|iPhoneSimulator.ActiveCfg = Release|Any CPU
		{6CC1AD6C-6E7F-475D-9DF0-C2DE3585363F}.AppStore|iPhoneSimulator.Build.0 = Release|Any CPU
		{6CC1AD6C-6E7F-475D-9DF0-C2DE3585363F}.AppStore|x64.ActiveCfg = Release|Any CPU
		{6CC1AD6C-6E7F-475D-9DF0-C2DE3585363F}.AppStore|x64.Build.0 = Release|Any CPU
		{6CC1AD6C-6E7F-475D-9DF0-C2DE3585363F}.AppStore|x86.ActiveCfg = Release|Any CPU
		{6CC1AD6C-6E7F-475D-9DF0-C2DE3585363F}.AppStore|x86.Build.0 = Release|Any CPU
		{6CC1AD6C-6E7F-475D-9DF0-C2DE3585363F}.Debug|Any CPU.ActiveCfg = Debug|Any CPU
		{6CC1AD6C-6E7F-475D-9DF0-C2DE3585363F}.Debug|Any CPU.Build.0 = Debug|Any CPU
		{6CC1AD6C-6E7F-475D-9DF0-C2DE3585363F}.Debug|ARM.ActiveCfg = Debug|Any CPU
		{6CC1AD6C-6E7F-475D-9DF0-C2DE3585363F}.Debug|ARM.Build.0 = Debug|Any CPU
		{6CC1AD6C-6E7F-475D-9DF0-C2DE3585363F}.Debug|iPhone.ActiveCfg = Debug|Any CPU
		{6CC1AD6C-6E7F-475D-9DF0-C2DE3585363F}.Debug|iPhone.Build.0 = Debug|Any CPU
		{6CC1AD6C-6E7F-475D-9DF0-C2DE3585363F}.Debug|iPhoneSimulator.ActiveCfg = Debug|Any CPU
		{6CC1AD6C-6E7F-475D-9DF0-C2DE3585363F}.Debug|iPhoneSimulator.Build.0 = Debug|Any CPU
		{6CC1AD6C-6E7F-475D-9DF0-C2DE3585363F}.Debug|x64.ActiveCfg = Debug|Any CPU
		{6CC1AD6C-6E7F-475D-9DF0-C2DE3585363F}.Debug|x64.Build.0 = Debug|Any CPU
		{6CC1AD6C-6E7F-475D-9DF0-C2DE3585363F}.Debug|x86.ActiveCfg = Debug|Any CPU
		{6CC1AD6C-6E7F-475D-9DF0-C2DE3585363F}.Debug|x86.Build.0 = Debug|Any CPU
		{6CC1AD6C-6E7F-475D-9DF0-C2DE3585363F}.Release|Any CPU.ActiveCfg = Release|Any CPU
		{6CC1AD6C-6E7F-475D-9DF0-C2DE3585363F}.Release|Any CPU.Build.0 = Release|Any CPU
		{6CC1AD6C-6E7F-475D-9DF0-C2DE3585363F}.Release|ARM.ActiveCfg = Release|Any CPU
		{6CC1AD6C-6E7F-475D-9DF0-C2DE3585363F}.Release|ARM.Build.0 = Release|Any CPU
		{6CC1AD6C-6E7F-475D-9DF0-C2DE3585363F}.Release|iPhone.ActiveCfg = Release|Any CPU
		{6CC1AD6C-6E7F-475D-9DF0-C2DE3585363F}.Release|iPhone.Build.0 = Release|Any CPU
		{6CC1AD6C-6E7F-475D-9DF0-C2DE3585363F}.Release|iPhoneSimulator.ActiveCfg = Release|Any CPU
		{6CC1AD6C-6E7F-475D-9DF0-C2DE3585363F}.Release|iPhoneSimulator.Build.0 = Release|Any CPU
		{6CC1AD6C-6E7F-475D-9DF0-C2DE3585363F}.Release|x64.ActiveCfg = Release|Any CPU
		{6CC1AD6C-6E7F-475D-9DF0-C2DE3585363F}.Release|x64.Build.0 = Release|Any CPU
		{6CC1AD6C-6E7F-475D-9DF0-C2DE3585363F}.Release|x86.ActiveCfg = Release|Any CPU
		{6CC1AD6C-6E7F-475D-9DF0-C2DE3585363F}.Release|x86.Build.0 = Release|Any CPU
		{FB9356CB-7D6A-437D-AE30-E413F4A46ACA}.Ad-Hoc|Any CPU.ActiveCfg = Release|Any CPU
		{FB9356CB-7D6A-437D-AE30-E413F4A46ACA}.Ad-Hoc|Any CPU.Build.0 = Release|Any CPU
		{FB9356CB-7D6A-437D-AE30-E413F4A46ACA}.Ad-Hoc|Any CPU.Deploy.0 = Release|Any CPU
		{FB9356CB-7D6A-437D-AE30-E413F4A46ACA}.Ad-Hoc|ARM.ActiveCfg = Release|Any CPU
		{FB9356CB-7D6A-437D-AE30-E413F4A46ACA}.Ad-Hoc|ARM.Build.0 = Release|Any CPU
		{FB9356CB-7D6A-437D-AE30-E413F4A46ACA}.Ad-Hoc|ARM.Deploy.0 = Release|Any CPU
		{FB9356CB-7D6A-437D-AE30-E413F4A46ACA}.Ad-Hoc|iPhone.ActiveCfg = Release|Any CPU
		{FB9356CB-7D6A-437D-AE30-E413F4A46ACA}.Ad-Hoc|iPhone.Build.0 = Release|Any CPU
		{FB9356CB-7D6A-437D-AE30-E413F4A46ACA}.Ad-Hoc|iPhone.Deploy.0 = Release|Any CPU
		{FB9356CB-7D6A-437D-AE30-E413F4A46ACA}.Ad-Hoc|iPhoneSimulator.ActiveCfg = Release|Any CPU
		{FB9356CB-7D6A-437D-AE30-E413F4A46ACA}.Ad-Hoc|iPhoneSimulator.Build.0 = Release|Any CPU
		{FB9356CB-7D6A-437D-AE30-E413F4A46ACA}.Ad-Hoc|iPhoneSimulator.Deploy.0 = Release|Any CPU
		{FB9356CB-7D6A-437D-AE30-E413F4A46ACA}.Ad-Hoc|x64.ActiveCfg = Release|Any CPU
		{FB9356CB-7D6A-437D-AE30-E413F4A46ACA}.Ad-Hoc|x64.Build.0 = Release|Any CPU
		{FB9356CB-7D6A-437D-AE30-E413F4A46ACA}.Ad-Hoc|x64.Deploy.0 = Release|Any CPU
		{FB9356CB-7D6A-437D-AE30-E413F4A46ACA}.Ad-Hoc|x86.ActiveCfg = Release|Any CPU
		{FB9356CB-7D6A-437D-AE30-E413F4A46ACA}.Ad-Hoc|x86.Build.0 = Release|Any CPU
		{FB9356CB-7D6A-437D-AE30-E413F4A46ACA}.Ad-Hoc|x86.Deploy.0 = Release|Any CPU
		{FB9356CB-7D6A-437D-AE30-E413F4A46ACA}.AppStore|Any CPU.ActiveCfg = Release|Any CPU
		{FB9356CB-7D6A-437D-AE30-E413F4A46ACA}.AppStore|Any CPU.Build.0 = Release|Any CPU
		{FB9356CB-7D6A-437D-AE30-E413F4A46ACA}.AppStore|Any CPU.Deploy.0 = Release|Any CPU
		{FB9356CB-7D6A-437D-AE30-E413F4A46ACA}.AppStore|ARM.ActiveCfg = Release|Any CPU
		{FB9356CB-7D6A-437D-AE30-E413F4A46ACA}.AppStore|ARM.Build.0 = Release|Any CPU
		{FB9356CB-7D6A-437D-AE30-E413F4A46ACA}.AppStore|ARM.Deploy.0 = Release|Any CPU
		{FB9356CB-7D6A-437D-AE30-E413F4A46ACA}.AppStore|iPhone.ActiveCfg = Release|Any CPU
		{FB9356CB-7D6A-437D-AE30-E413F4A46ACA}.AppStore|iPhone.Build.0 = Release|Any CPU
		{FB9356CB-7D6A-437D-AE30-E413F4A46ACA}.AppStore|iPhone.Deploy.0 = Release|Any CPU
		{FB9356CB-7D6A-437D-AE30-E413F4A46ACA}.AppStore|iPhoneSimulator.ActiveCfg = Release|Any CPU
		{FB9356CB-7D6A-437D-AE30-E413F4A46ACA}.AppStore|iPhoneSimulator.Build.0 = Release|Any CPU
		{FB9356CB-7D6A-437D-AE30-E413F4A46ACA}.AppStore|iPhoneSimulator.Deploy.0 = Release|Any CPU
		{FB9356CB-7D6A-437D-AE30-E413F4A46ACA}.AppStore|x64.ActiveCfg = Release|Any CPU
		{FB9356CB-7D6A-437D-AE30-E413F4A46ACA}.AppStore|x64.Build.0 = Release|Any CPU
		{FB9356CB-7D6A-437D-AE30-E413F4A46ACA}.AppStore|x64.Deploy.0 = Release|Any CPU
		{FB9356CB-7D6A-437D-AE30-E413F4A46ACA}.AppStore|x86.ActiveCfg = Release|Any CPU
		{FB9356CB-7D6A-437D-AE30-E413F4A46ACA}.AppStore|x86.Build.0 = Release|Any CPU
		{FB9356CB-7D6A-437D-AE30-E413F4A46ACA}.AppStore|x86.Deploy.0 = Release|Any CPU
		{FB9356CB-7D6A-437D-AE30-E413F4A46ACA}.Debug|Any CPU.ActiveCfg = Debug|Any CPU
		{FB9356CB-7D6A-437D-AE30-E413F4A46ACA}.Debug|Any CPU.Build.0 = Debug|Any CPU
		{FB9356CB-7D6A-437D-AE30-E413F4A46ACA}.Debug|Any CPU.Deploy.0 = Debug|Any CPU
		{FB9356CB-7D6A-437D-AE30-E413F4A46ACA}.Debug|ARM.ActiveCfg = Debug|Any CPU
		{FB9356CB-7D6A-437D-AE30-E413F4A46ACA}.Debug|ARM.Build.0 = Debug|Any CPU
		{FB9356CB-7D6A-437D-AE30-E413F4A46ACA}.Debug|ARM.Deploy.0 = Debug|Any CPU
		{FB9356CB-7D6A-437D-AE30-E413F4A46ACA}.Debug|iPhone.ActiveCfg = Debug|Any CPU
		{FB9356CB-7D6A-437D-AE30-E413F4A46ACA}.Debug|iPhone.Build.0 = Debug|Any CPU
		{FB9356CB-7D6A-437D-AE30-E413F4A46ACA}.Debug|iPhone.Deploy.0 = Debug|Any CPU
		{FB9356CB-7D6A-437D-AE30-E413F4A46ACA}.Debug|iPhoneSimulator.ActiveCfg = Debug|Any CPU
		{FB9356CB-7D6A-437D-AE30-E413F4A46ACA}.Debug|iPhoneSimulator.Build.0 = Debug|Any CPU
		{FB9356CB-7D6A-437D-AE30-E413F4A46ACA}.Debug|iPhoneSimulator.Deploy.0 = Debug|Any CPU
		{FB9356CB-7D6A-437D-AE30-E413F4A46ACA}.Debug|x64.ActiveCfg = Debug|Any CPU
		{FB9356CB-7D6A-437D-AE30-E413F4A46ACA}.Debug|x64.Build.0 = Debug|Any CPU
		{FB9356CB-7D6A-437D-AE30-E413F4A46ACA}.Debug|x64.Deploy.0 = Debug|Any CPU
		{FB9356CB-7D6A-437D-AE30-E413F4A46ACA}.Debug|x86.ActiveCfg = Debug|Any CPU
		{FB9356CB-7D6A-437D-AE30-E413F4A46ACA}.Debug|x86.Build.0 = Debug|Any CPU
		{FB9356CB-7D6A-437D-AE30-E413F4A46ACA}.Debug|x86.Deploy.0 = Debug|Any CPU
		{FB9356CB-7D6A-437D-AE30-E413F4A46ACA}.Release|Any CPU.ActiveCfg = Release|Any CPU
		{FB9356CB-7D6A-437D-AE30-E413F4A46ACA}.Release|Any CPU.Build.0 = Release|Any CPU
		{FB9356CB-7D6A-437D-AE30-E413F4A46ACA}.Release|Any CPU.Deploy.0 = Release|Any CPU
		{FB9356CB-7D6A-437D-AE30-E413F4A46ACA}.Release|ARM.ActiveCfg = Release|Any CPU
		{FB9356CB-7D6A-437D-AE30-E413F4A46ACA}.Release|ARM.Build.0 = Release|Any CPU
		{FB9356CB-7D6A-437D-AE30-E413F4A46ACA}.Release|ARM.Deploy.0 = Release|Any CPU
		{FB9356CB-7D6A-437D-AE30-E413F4A46ACA}.Release|iPhone.ActiveCfg = Release|Any CPU
		{FB9356CB-7D6A-437D-AE30-E413F4A46ACA}.Release|iPhone.Build.0 = Release|Any CPU
		{FB9356CB-7D6A-437D-AE30-E413F4A46ACA}.Release|iPhone.Deploy.0 = Release|Any CPU
		{FB9356CB-7D6A-437D-AE30-E413F4A46ACA}.Release|iPhoneSimulator.ActiveCfg = Release|Any CPU
		{FB9356CB-7D6A-437D-AE30-E413F4A46ACA}.Release|iPhoneSimulator.Build.0 = Release|Any CPU
		{FB9356CB-7D6A-437D-AE30-E413F4A46ACA}.Release|iPhoneSimulator.Deploy.0 = Release|Any CPU
		{FB9356CB-7D6A-437D-AE30-E413F4A46ACA}.Release|x64.ActiveCfg = Release|Any CPU
		{FB9356CB-7D6A-437D-AE30-E413F4A46ACA}.Release|x64.Build.0 = Release|Any CPU
		{FB9356CB-7D6A-437D-AE30-E413F4A46ACA}.Release|x64.Deploy.0 = Release|Any CPU
		{FB9356CB-7D6A-437D-AE30-E413F4A46ACA}.Release|x86.ActiveCfg = Release|Any CPU
		{FB9356CB-7D6A-437D-AE30-E413F4A46ACA}.Release|x86.Build.0 = Release|Any CPU
		{FB9356CB-7D6A-437D-AE30-E413F4A46ACA}.Release|x86.Deploy.0 = Release|Any CPU
		{574B3A98-DA99-4D1D-B1B7-3F335AB18CB6}.Ad-Hoc|Any CPU.ActiveCfg = Release|Any CPU
		{574B3A98-DA99-4D1D-B1B7-3F335AB18CB6}.Ad-Hoc|Any CPU.Build.0 = Release|Any CPU
		{574B3A98-DA99-4D1D-B1B7-3F335AB18CB6}.Ad-Hoc|ARM.ActiveCfg = Release|Any CPU
		{574B3A98-DA99-4D1D-B1B7-3F335AB18CB6}.Ad-Hoc|ARM.Build.0 = Release|Any CPU
		{574B3A98-DA99-4D1D-B1B7-3F335AB18CB6}.Ad-Hoc|iPhone.ActiveCfg = Release|Any CPU
		{574B3A98-DA99-4D1D-B1B7-3F335AB18CB6}.Ad-Hoc|iPhone.Build.0 = Release|Any CPU
		{574B3A98-DA99-4D1D-B1B7-3F335AB18CB6}.Ad-Hoc|iPhoneSimulator.ActiveCfg = Release|Any CPU
		{574B3A98-DA99-4D1D-B1B7-3F335AB18CB6}.Ad-Hoc|iPhoneSimulator.Build.0 = Release|Any CPU
		{574B3A98-DA99-4D1D-B1B7-3F335AB18CB6}.Ad-Hoc|x64.ActiveCfg = Release|Any CPU
		{574B3A98-DA99-4D1D-B1B7-3F335AB18CB6}.Ad-Hoc|x64.Build.0 = Release|Any CPU
		{574B3A98-DA99-4D1D-B1B7-3F335AB18CB6}.Ad-Hoc|x86.ActiveCfg = Release|Any CPU
		{574B3A98-DA99-4D1D-B1B7-3F335AB18CB6}.Ad-Hoc|x86.Build.0 = Release|Any CPU
		{574B3A98-DA99-4D1D-B1B7-3F335AB18CB6}.AppStore|Any CPU.ActiveCfg = Release|Any CPU
		{574B3A98-DA99-4D1D-B1B7-3F335AB18CB6}.AppStore|Any CPU.Build.0 = Release|Any CPU
		{574B3A98-DA99-4D1D-B1B7-3F335AB18CB6}.AppStore|ARM.ActiveCfg = Release|Any CPU
		{574B3A98-DA99-4D1D-B1B7-3F335AB18CB6}.AppStore|ARM.Build.0 = Release|Any CPU
		{574B3A98-DA99-4D1D-B1B7-3F335AB18CB6}.AppStore|iPhone.ActiveCfg = Release|Any CPU
		{574B3A98-DA99-4D1D-B1B7-3F335AB18CB6}.AppStore|iPhone.Build.0 = Release|Any CPU
		{574B3A98-DA99-4D1D-B1B7-3F335AB18CB6}.AppStore|iPhoneSimulator.ActiveCfg = Release|Any CPU
		{574B3A98-DA99-4D1D-B1B7-3F335AB18CB6}.AppStore|iPhoneSimulator.Build.0 = Release|Any CPU
		{574B3A98-DA99-4D1D-B1B7-3F335AB18CB6}.AppStore|x64.ActiveCfg = Release|Any CPU
		{574B3A98-DA99-4D1D-B1B7-3F335AB18CB6}.AppStore|x64.Build.0 = Release|Any CPU
		{574B3A98-DA99-4D1D-B1B7-3F335AB18CB6}.AppStore|x86.ActiveCfg = Release|Any CPU
		{574B3A98-DA99-4D1D-B1B7-3F335AB18CB6}.AppStore|x86.Build.0 = Release|Any CPU
		{574B3A98-DA99-4D1D-B1B7-3F335AB18CB6}.Debug|Any CPU.ActiveCfg = Debug|Any CPU
		{574B3A98-DA99-4D1D-B1B7-3F335AB18CB6}.Debug|Any CPU.Build.0 = Debug|Any CPU
		{574B3A98-DA99-4D1D-B1B7-3F335AB18CB6}.Debug|ARM.ActiveCfg = Debug|Any CPU
		{574B3A98-DA99-4D1D-B1B7-3F335AB18CB6}.Debug|ARM.Build.0 = Debug|Any CPU
		{574B3A98-DA99-4D1D-B1B7-3F335AB18CB6}.Debug|iPhone.ActiveCfg = Debug|Any CPU
		{574B3A98-DA99-4D1D-B1B7-3F335AB18CB6}.Debug|iPhone.Build.0 = Debug|Any CPU
		{574B3A98-DA99-4D1D-B1B7-3F335AB18CB6}.Debug|iPhoneSimulator.ActiveCfg = Debug|Any CPU
		{574B3A98-DA99-4D1D-B1B7-3F335AB18CB6}.Debug|iPhoneSimulator.Build.0 = Debug|Any CPU
		{574B3A98-DA99-4D1D-B1B7-3F335AB18CB6}.Debug|x64.ActiveCfg = Debug|Any CPU
		{574B3A98-DA99-4D1D-B1B7-3F335AB18CB6}.Debug|x64.Build.0 = Debug|Any CPU
		{574B3A98-DA99-4D1D-B1B7-3F335AB18CB6}.Debug|x86.ActiveCfg = Debug|Any CPU
		{574B3A98-DA99-4D1D-B1B7-3F335AB18CB6}.Debug|x86.Build.0 = Debug|Any CPU
		{574B3A98-DA99-4D1D-B1B7-3F335AB18CB6}.Release|Any CPU.ActiveCfg = Release|Any CPU
		{574B3A98-DA99-4D1D-B1B7-3F335AB18CB6}.Release|Any CPU.Build.0 = Release|Any CPU
		{574B3A98-DA99-4D1D-B1B7-3F335AB18CB6}.Release|ARM.ActiveCfg = Release|Any CPU
		{574B3A98-DA99-4D1D-B1B7-3F335AB18CB6}.Release|ARM.Build.0 = Release|Any CPU
		{574B3A98-DA99-4D1D-B1B7-3F335AB18CB6}.Release|iPhone.ActiveCfg = Release|Any CPU
		{574B3A98-DA99-4D1D-B1B7-3F335AB18CB6}.Release|iPhone.Build.0 = Release|Any CPU
		{574B3A98-DA99-4D1D-B1B7-3F335AB18CB6}.Release|iPhoneSimulator.ActiveCfg = Release|Any CPU
		{574B3A98-DA99-4D1D-B1B7-3F335AB18CB6}.Release|iPhoneSimulator.Build.0 = Release|Any CPU
		{574B3A98-DA99-4D1D-B1B7-3F335AB18CB6}.Release|x64.ActiveCfg = Release|Any CPU
		{574B3A98-DA99-4D1D-B1B7-3F335AB18CB6}.Release|x64.Build.0 = Release|Any CPU
		{574B3A98-DA99-4D1D-B1B7-3F335AB18CB6}.Release|x86.ActiveCfg = Release|Any CPU
		{574B3A98-DA99-4D1D-B1B7-3F335AB18CB6}.Release|x86.Build.0 = Release|Any CPU
	EndGlobalSection
	GlobalSection(SolutionProperties) = preSolution
		HideSolutionNode = FALSE
	EndGlobalSection
	GlobalSection(NestedProjects) = preSolution
		{78954BF2-2DBB-4A20-9D89-1102C4604CB1} = {1EC3AE45-E609-43FB-B16A-A9B17DA9D8E9}
		{F0B19A34-FCB3-475D-B56B-5EE5086D4C9C} = {5AFA2071-E0D2-4C3B-96AB-2DE56EF503F2}
		{83749F21-D575-45C2-AA65-8AE9C9A74DFE} = {1EC3AE45-E609-43FB-B16A-A9B17DA9D8E9}
		{6CC1AD6C-6E7F-475D-9DF0-C2DE3585363F} = {6A9E21B6-BC44-46BC-8135-FA5253ECA3E0}
		{FB9356CB-7D6A-437D-AE30-E413F4A46ACA} = {AB09B2CB-73C5-4F5A-83B7-302BE06B0B54}
		{574B3A98-DA99-4D1D-B1B7-3F335AB18CB6} = {2AF3A04F-2B9A-4159-BD47-068E8B94FFD3}
	EndGlobalSection
EndGlobal
